
Microsoft Visual Studio Solution File, Format Version 12.00
# Visual Studio Version 17
VisualStudioVersion = 17.13.35913.81 d17.13
MinimumVisualStudioVersion = 10.0.40219.1
Project("{FAE04EC0-301F-11D3-BF4B-00C04F79EFBC}") = "BaiTongHopTMDT", "BaiTongHopTMDT.csproj", "{DE7AD929-7394-45B1-A39E-941067548788}"
EndProject
Global
	GlobalSection(SolutionConfigurationPlatforms) = preSolution
		Debug|Any CPU = Debug|Any CPU
		Release|Any CPU = Release|Any CPU
	EndGlobalSection
	GlobalSection(ProjectConfigurationPlatforms) = postSolution
		{DE7AD929-7394-45B1-A39E-941067548788}.Debug|Any CPU.ActiveCfg = Debug|Any CPU
		{DE7AD929-7394-45B1-A39E-941067548788}.Debug|Any CPU.Build.0 = Debug|Any CPU
		{DE7AD929-7394-45B1-A39E-941067548788}.Release|Any CPU.ActiveCfg = Release|Any CPU
		{DE7AD929-7394-45B1-A39E-941067548788}.Release|Any CPU.Build.0 = Release|Any CPU
	EndGlobalSection
	GlobalSection(SolutionProperties) = preSolution
		HideSolutionNode = FALSE
	EndGlobalSection
	GlobalSection(ExtensibilityGlobals) = postSolution
		SolutionGuid = {F48DAB37-23F1-4FED-A4AC-5C90902D2490}
	EndGlobalSection
EndGlobal
